
Microsoft Visual Studio Solution File, Format Version 12.00
# Visual Studio Version 16
VisualStudioVersion = 16.0.30709.132
MinimumVisualStudioVersion = 10.0.40219.1
Project("{FAE04EC0-301F-11D3-BF4B-00C04F79EFBC}") = "Spotlight", "Spotlight\Spotlight.csproj", "{392B74FE-63C9-45C4-8535-8B254E53164D}"
	ProjectSection(ProjectDependencies) = postProject
		{D593A72D-554D-40FB-9967-503CB15A744F} = {D593A72D-554D-40FB-9967-503CB15A744F}
	EndProjectSection
EndProject
Project("{FAE04EC0-301F-11D3-BF4B-00C04F79EFBC}") = "Gl_EditorFramework", "..\GL_EditorFramework\Gl_EditorFramework\Gl_EditorFramework.csproj", "{D593A72D-554D-40FB-9967-503CB15A744F}"
EndProject
Project("{9A19103F-16F7-4668-BE54-9A1E7A4F7556}") = "FileFormats3DW", "FileFormats3DW\FileFormats3DW.csproj", "{E13388EA-DE3F-447A-80F8-03427E1E52AF}"
EndProject
Global
	GlobalSection(SolutionConfigurationPlatforms) = preSolution
		Debug Moonlight|Any CPU = Debug Moonlight|Any CPU
		Debug Moonlight|x64 = Debug Moonlight|x64
		Debug Moonlight|x86 = Debug Moonlight|x86
		Debug Spotlight|Any CPU = Debug Spotlight|Any CPU
		Debug Spotlight|x64 = Debug Spotlight|x64
		Debug Spotlight|x86 = Debug Spotlight|x86
		Release Moonlight|Any CPU = Release Moonlight|Any CPU
		Release Moonlight|x64 = Release Moonlight|x64
		Release Moonlight|x86 = Release Moonlight|x86
		Release Spotlight|Any CPU = Release Spotlight|Any CPU
		Release Spotlight|x64 = Release Spotlight|x64
		Release Spotlight|x86 = Release Spotlight|x86
	EndGlobalSection
	GlobalSection(ProjectConfigurationPlatforms) = postSolution
		{392B74FE-63C9-45C4-8535-8B254E53164D}.Debug Moonlight|Any CPU.ActiveCfg = Debug Moonlight|Any CPU
		{392B74FE-63C9-45C4-8535-8B254E53164D}.Debug Moonlight|Any CPU.Build.0 = Debug Moonlight|Any CPU
		{392B74FE-63C9-45C4-8535-8B254E53164D}.Debug Moonlight|x64.ActiveCfg = Debug Moonlight|x64
		{392B74FE-63C9-45C4-8535-8B254E53164D}.Debug Moonlight|x64.Build.0 = Debug Moonlight|x64
		{392B74FE-63C9-45C4-8535-8B254E53164D}.Debug Moonlight|x86.ActiveCfg = Debug Moonlight|x86
		{392B74FE-63C9-45C4-8535-8B254E53164D}.Debug Moonlight|x86.Build.0 = Debug Moonlight|x86
		{392B74FE-63C9-45C4-8535-8B254E53164D}.Debug Spotlight|Any CPU.ActiveCfg = Debug Spotlight|Any CPU
		{392B74FE-63C9-45C4-8535-8B254E53164D}.Debug Spotlight|Any CPU.Build.0 = Debug Spotlight|Any CPU
		{392B74FE-63C9-45C4-8535-8B254E53164D}.Debug Spotlight|x64.ActiveCfg = Debug Spotlight|x64
		{392B74FE-63C9-45C4-8535-8B254E53164D}.Debug Spotlight|x64.Build.0 = Debug Spotlight|x64
		{392B74FE-63C9-45C4-8535-8B254E53164D}.Debug Spotlight|x86.ActiveCfg = Debug Spotlight|x86
		{392B74FE-63C9-45C4-8535-8B254E53164D}.Debug Spotlight|x86.Build.0 = Debug Spotlight|x86
		{392B74FE-63C9-45C4-8535-8B254E53164D}.Release Moonlight|Any CPU.ActiveCfg = Release Moonlight|Any CPU
		{392B74FE-63C9-45C4-8535-8B254E53164D}.Release Moonlight|Any CPU.Build.0 = Release Moonlight|Any CPU
		{392B74FE-63C9-45C4-8535-8B254E53164D}.Release Moonlight|x64.ActiveCfg = Release Moonlight|x64
		{392B74FE-63C9-45C4-8535-8B254E53164D}.Release Moonlight|x64.Build.0 = Release Moonlight|x64
		{392B74FE-63C9-45C4-8535-8B254E53164D}.Release Moonlight|x86.ActiveCfg = Release Moonlight|x86
		{392B74FE-63C9-45C4-8535-8B254E53164D}.Release Moonlight|x86.Build.0 = Release Moonlight|x86
		{392B74FE-63C9-45C4-8535-8B254E53164D}.Release Spotlight|Any CPU.ActiveCfg = Release Spotlight|Any CPU
		{392B74FE-63C9-45C4-8535-8B254E53164D}.Release Spotlight|Any CPU.Build.0 = Release Spotlight|Any CPU
		{392B74FE-63C9-45C4-8535-8B254E53164D}.Release Spotlight|x64.ActiveCfg = Release Spotlight|x64
		{392B74FE-63C9-45C4-8535-8B254E53164D}.Release Spotlight|x64.Build.0 = Release Spotlight|x64
		{392B74FE-63C9-45C4-8535-8B254E53164D}.Release Spotlight|x86.ActiveCfg = Release Spotlight|x86
		{392B74FE-63C9-45C4-8535-8B254E53164D}.Release Spotlight|x86.Build.0 = Release Spotlight|x86
		{D593A72D-554D-40FB-9967-503CB15A744F}.Debug Moonlight|Any CPU.ActiveCfg = Debug|Any CPU
		{D593A72D-554D-40FB-9967-503CB15A744F}.Debug Moonlight|Any CPU.Build.0 = Debug|Any CPU
		{D593A72D-554D-40FB-9967-503CB15A744F}.Debug Moonlight|x64.ActiveCfg = Debug|Any CPU
		{D593A72D-554D-40FB-9967-503CB15A744F}.Debug Moonlight|x64.Build.0 = Debug|Any CPU
		{D593A72D-554D-40FB-9967-503CB15A744F}.Debug Moonlight|x86.ActiveCfg = Debug Moonlight|Any CPU
		{D593A72D-554D-40FB-9967-503CB15A744F}.Debug Moonlight|x86.Build.0 = Debug Moonlight|Any CPU
		{D593A72D-554D-40FB-9967-503CB15A744F}.Debug Spotlight|Any CPU.ActiveCfg = Debug|Any CPU
		{D593A72D-554D-40FB-9967-503CB15A744F}.Debug Spotlight|Any CPU.Build.0 = Debug|Any CPU
		{D593A72D-554D-40FB-9967-503CB15A744F}.Debug Spotlight|x64.ActiveCfg = Debug|Any CPU
		{D593A72D-554D-40FB-9967-503CB15A744F}.Debug Spotlight|x64.Build.0 = Debug|Any CPU
		{D593A72D-554D-40FB-9967-503CB15A744F}.Debug Spotlight|x86.ActiveCfg = Debug Spotlight|Any CPU
		{D593A72D-554D-40FB-9967-503CB15A744F}.Debug Spotlight|x86.Build.0 = Debug Spotlight|Any CPU
		{D593A72D-554D-40FB-9967-503CB15A744F}.Release Moonlight|Any CPU.ActiveCfg = Release|Any CPU
		{D593A72D-554D-40FB-9967-503CB15A744F}.Release Moonlight|Any CPU.Build.0 = Release|Any CPU
		{D593A72D-554D-40FB-9967-503CB15A744F}.Release Moonlight|x64.ActiveCfg = Release|x64
		{D593A72D-554D-40FB-9967-503CB15A744F}.Release Moonlight|x64.Build.0 = Release|x64
		{D593A72D-554D-40FB-9967-503CB15A744F}.Release Moonlight|x86.ActiveCfg = Release Moonlight|Any CPU
		{D593A72D-554D-40FB-9967-503CB15A744F}.Release Moonlight|x86.Build.0 = Release Moonlight|Any CPU
		{D593A72D-554D-40FB-9967-503CB15A744F}.Release Spotlight|Any CPU.ActiveCfg = Release|Any CPU
		{D593A72D-554D-40FB-9967-503CB15A744F}.Release Spotlight|Any CPU.Build.0 = Release|Any CPU
		{D593A72D-554D-40FB-9967-503CB15A744F}.Release Spotlight|x64.ActiveCfg = Release|x64
		{D593A72D-554D-40FB-9967-503CB15A744F}.Release Spotlight|x64.Build.0 = Release|x64
		{D593A72D-554D-40FB-9967-503CB15A744F}.Release Spotlight|x86.ActiveCfg = Release Spotlight|Any CPU
		{D593A72D-554D-40FB-9967-503CB15A744F}.Release Spotlight|x86.Build.0 = Release Spotlight|Any CPU
		{E13388EA-DE3F-447A-80F8-03427E1E52AF}.Debug Moonlight|Any CPU.ActiveCfg = Debug Moonlight|Any CPU
		{E13388EA-DE3F-447A-80F8-03427E1E52AF}.Debug Moonlight|Any CPU.Build.0 = Debug Moonlight|Any CPU
		{E13388EA-DE3F-447A-80F8-03427E1E52AF}.Debug Moonlight|x64.ActiveCfg = Debug Spotlight|x64
		{E13388EA-DE3F-447A-80F8-03427E1E52AF}.Debug Moonlight|x64.Build.0 = Debug Spotlight|x64
		{E13388EA-DE3F-447A-80F8-03427E1E52AF}.Debug Moonlight|x86.ActiveCfg = Debug Moonlight|x86
		{E13388EA-DE3F-447A-80F8-03427E1E52AF}.Debug Moonlight|x86.Build.0 = Debug Moonlight|x86
		{E13388EA-DE3F-447A-80F8-03427E1E52AF}.Debug Spotlight|Any CPU.ActiveCfg = Debug Spotlight|Any CPU
		{E13388EA-DE3F-447A-80F8-03427E1E52AF}.Debug Spotlight|Any CPU.Build.0 = Debug Spotlight|Any CPU
		{E13388EA-DE3F-447A-80F8-03427E1E52AF}.Debug Spotlight|x64.ActiveCfg = Debug Spotlight|x64
		{E13388EA-DE3F-447A-80F8-03427E1E52AF}.Debug Spotlight|x64.Build.0 = Debug Spotlight|x64
		{E13388EA-DE3F-447A-80F8-03427E1E52AF}.Debug Spotlight|x86.ActiveCfg = Debug Spotlight|x86
		{E13388EA-DE3F-447A-80F8-03427E1E52AF}.Debug Spotlight|x86.Build.0 = Debug Spotlight|x86
		{E13388EA-DE3F-447A-80F8-03427E1E52AF}.Release Moonlight|Any CPU.ActiveCfg = Release Moonlight|Any CPU
		{E13388EA-DE3F-447A-80F8-03427E1E52AF}.Release Moonlight|Any CPU.Build.0 = Release Moonlight|Any CPU
		{E13388EA-DE3F-447A-80F8-03427E1E52AF}.Release Moonlight|x64.ActiveCfg = Release Moonlight|x64
		{E13388EA-DE3F-447A-80F8-03427E1E52AF}.Release Moonlight|x64.Build.0 = Release Moonlight|x64
		{E13388EA-DE3F-447A-80F8-03427E1E52AF}.Release Moonlight|x86.ActiveCfg = Release Moonlight|x86
		{E13388EA-DE3F-447A-80F8-03427E1E52AF}.Release Moonlight|x86.Build.0 = Release Moonlight|x86
		{E13388EA-DE3F-447A-80F8-03427E1E52AF}.Release Spotlight|Any CPU.ActiveCfg = Release Spotlight|Any CPU
		{E13388EA-DE3F-447A-80F8-03427E1E52AF}.Release Spotlight|Any CPU.Build.0 = Release Spotlight|Any CPU
		{E13388EA-DE3F-447A-80F8-03427E1E52AF}.Release Spotlight|x64.ActiveCfg = Release Spotlight|x64
		{E13388EA-DE3F-447A-80F8-03427E1E52AF}.Release Spotlight|x64.Build.0 = Release Spotlight|x64
		{E13388EA-DE3F-447A-80F8-03427E1E52AF}.Release Spotlight|x86.ActiveCfg = Release Spotlight|x86
		{E13388EA-DE3F-447A-80F8-03427E1E52AF}.Release Spotlight|x86.Build.0 = Release Spotlight|x86
	EndGlobalSection
	GlobalSection(SolutionProperties) = preSolution
		HideSolutionNode = FALSE
	EndGlobalSection
	GlobalSection(ExtensibilityGlobals) = postSolution
		SolutionGuid = {41EC78EB-B49B-4D73-B4A3-40E91E0417CD}
	EndGlobalSection
EndGlobal
